
Microsoft Visual Studio Solution File, Format Version 12.00
# Visual Studio Version 17
VisualStudioVersion = 17.14.36414.22 d17.14
MinimumVisualStudioVersion = 10.0.40219.1
Project("{FAE04EC0-301F-11D3-BF4B-00C04F79EFBC}") = "Identity.Web", "Identity.Web\Identity.Web.csproj", "{67FB930F-73B6-4085-B021-16BD9E3285DB}"
EndProject
Global
	GlobalSection(SolutionConfigurationPlatforms) = preSolution
		Debug|Any CPU = Debug|Any CPU
		Release|Any CPU = Release|Any CPU
	EndGlobalSection
	GlobalSection(ProjectConfigurationPlatforms) = postSolution
		{67FB930F-73B6-4085-B021-16BD9E3285DB}.Debug|Any CPU.ActiveCfg = Debug|Any CPU
		{67FB930F-73B6-4085-B021-16BD9E3285DB}.Debug|Any CPU.Build.0 = Debug|Any CPU
		{67FB930F-73B6-4085-B021-16BD9E3285DB}.Release|Any CPU.ActiveCfg = Release|Any CPU
		{67FB930F-73B6-4085-B021-16BD9E3285DB}.Release|Any CPU.Build.0 = Release|Any CPU
	EndGlobalSection
	GlobalSection(SolutionProperties) = preSolution
		HideSolutionNode = FALSE
	EndGlobalSection
	GlobalSection(ExtensibilityGlobals) = postSolution
		SolutionGuid = {61278C2D-EFFA-43BB-BD35-D22F04033491}
	EndGlobalSection
EndGlobal
